
Microsoft Visual Studio Solution File, Format Version 12.00
# Visual Studio Version 17
VisualStudioVersion = 17.4.33213.308
MinimumVisualStudioVersion = 10.0.40219.1
Project("{9A19103F-16F7-4668-BE54-9A1E7A4F7556}") = "TestFecthOptimizer", "TestFecthOptimizer.csproj", "{D4F1185A-F146-4506-93A2-314CD22ADAFC}"
EndProject
Global
	GlobalSection(SolutionConfigurationPlatforms) = preSolution
		Debug|Any CPU = Debug|Any CPU
		Release|Any CPU = Release|Any CPU
	EndGlobalSection
	GlobalSection(ProjectConfigurationPlatforms) = postSolution
		{D4F1185A-F146-4506-93A2-314CD22ADAFC}.Debug|Any CPU.ActiveCfg = Debug|Any CPU
		{D4F1185A-F146-4506-93A2-314CD22ADAFC}.Debug|Any CPU.Build.0 = Debug|Any CPU
		{D4F1185A-F146-4506-93A2-314CD22ADAFC}.Release|Any CPU.ActiveCfg = Release|Any CPU
		{D4F1185A-F146-4506-93A2-314CD22ADAFC}.Release|Any CPU.Build.0 = Release|Any CPU
	EndGlobalSection
	GlobalSection(SolutionProperties) = preSolution
		HideSolutionNode = FALSE
	EndGlobalSection
	GlobalSection(ExtensibilityGlobals) = postSolution
		SolutionGuid = {A137ABAE-3367-42EF-AFCB-0D10196D83D0}
	EndGlobalSection
EndGlobal
